// !$*UTF8*$!
{
	archiveVersion = 1;
	classes = {
	};
	objectVersion = 56;
	objects = {

/* Begin PBXBuildFile section */
		4E35D5052D9B563A00604584 /* AppDelegate.swift in Sources */ = {isa = PBXBuildFile; fileRef = 4E35D5042D9B563A00604584 /* AppDelegate.swift */; };
		4E35D5072D9B563A00604584 /* GameScene.sks in Resources */ = {isa = PBXBuildFile; fileRef = 4E35D5062D9B563A00604584 /* GameScene.sks */; };
		4E35D50B2D9B563A00604584 /* GameScene.swift in Sources */ = {isa = PBXBuildFile; fileRef = 4E35D50A2D9B563A00604584 /* GameScene.swift */; };
		4E35D50D2D9B563A00604584 /* GameViewController.swift in Sources */ = {isa = PBXBuildFile; fileRef = 4E35D50C2D9B563A00604584 /* GameViewController.swift */; };
		4EF2C7C42D9B5C60000C499D /* Assets.xcassets in Resources */ = {isa = PBXBuildFile; fileRef = 4EF2C7C32D9B5C60000C499D /* Assets.xcassets */; };
		4EF2C7C62D9B5C96000C499D /* Base.lproj in Resources */ = {isa = PBXBuildFile; fileRef = 4EF2C7C52D9B5C96000C499D /* Base.lproj */; };
		4EF2C7C82D9B5C9C000C499D /* control in Resources */ = {isa = PBXBuildFile; fileRef = 4EF2C7C72D9B5C9C000C499D /* control */; };
		4EF2C7CA2D9B5CA1000C499D /* entities in Resources */ = {isa = PBXBuildFile; fileRef = 4EF2C7C92D9B5CA1000C499D /* entities */; };
		4EF2C7CC2D9B5CA7000C499D /* resources in Resources */ = {isa = PBXBuildFile; fileRef = 4EF2C7CB2D9B5CA7000C499D /* resources */; };
/* End PBXBuildFile section */

/* Begin PBXContainerItemProxy section */
		4E35D51B2D9B563C00604584 /* PBXContainerItemProxy */ = {
			isa = PBXContainerItemProxy;
			containerPortal = 4E35D4F92D9B563A00604584 /* Project object */;
			proxyType = 1;
			remoteGlobalIDString = 4E35D5002D9B563A00604584;
			remoteInfo = Overrun;
		};
		4E35D5252D9B563C00604584 /* PBXContainerItemProxy */ = {
			isa = PBXContainerItemProxy;
			containerPortal = 4E35D4F92D9B563A00604584 /* Project object */;
			proxyType = 1;
			remoteGlobalIDString = 4E35D5002D9B563A00604584;
			remoteInfo = Overrun;
		};
/* End PBXContainerItemProxy section */

/* Begin PBXFileReference section */
		4E35D5012D9B563A00604584 /* Overrun.app */ = {isa = PBXFileReference; explicitFileType = wrapper.application; includeInIndex = 0; path = Overrun.app; sourceTree = BUILT_PRODUCTS_DIR; };
		4E35D5042D9B563A00604584 /* AppDelegate.swift */ = {isa = PBXFileReference; lastKnownFileType = sourcecode.swift; path = AppDelegate.swift; sourceTree = "<group>"; };
		4E35D5062D9B563A00604584 /* GameScene.sks */ = {isa = PBXFileReference; lastKnownFileType = file.sks; path = GameScene.sks; sourceTree = "<group>"; };
		4E35D50A2D9B563A00604584 /* GameScene.swift */ = {isa = PBXFileReference; lastKnownFileType = sourcecode.swift; path = GameScene.swift; sourceTree = "<group>"; };
		4E35D50C2D9B563A00604584 /* GameViewController.swift */ = {isa = PBXFileReference; lastKnownFileType = sourcecode.swift; path = GameViewController.swift; sourceTree = "<group>"; };
		4E35D51A2D9B563C00604584 /* OverrunTests.xctest */ = {isa = PBXFileReference; explicitFileType = wrapper.cfbundle; includeInIndex = 0; path = OverrunTests.xctest; sourceTree = BUILT_PRODUCTS_DIR; };
		4E35D5242D9B563C00604584 /* OverrunUITests.xctest */ = {isa = PBXFileReference; explicitFileType = wrapper.cfbundle; includeInIndex = 0; path = OverrunUITests.xctest; sourceTree = BUILT_PRODUCTS_DIR; };
		4EF2C7C32D9B5C60000C499D /* Assets.xcassets */ = {isa = PBXFileReference; lastKnownFileType = folder.assetcatalog; name = Assets.xcassets; path = ../../../Overrun/Assets.xcassets; sourceTree = "<group>"; };
		4EF2C7C52D9B5C96000C499D /* Base.lproj */ = {isa = PBXFileReference; lastKnownFileType = folder; name = Base.lproj; path = ../../../Overrun/Base.lproj; sourceTree = "<group>"; };
		4EF2C7C72D9B5C9C000C499D /* control */ = {isa = PBXFileReference; lastKnownFileType = folder; path = control; sourceTree = "<group>"; };
		4EF2C7C92D9B5CA1000C499D /* entities */ = {isa = PBXFileReference; lastKnownFileType = folder; path = entities; sourceTree = "<group>"; };
		4EF2C7CB2D9B5CA7000C499D /* resources */ = {isa = PBXFileReference; lastKnownFileType = folder; path = resources; sourceTree = "<group>"; };
/* End PBXFileReference section */

/* Begin PBXFrameworksBuildPhase section */
		4E35D4FE2D9B563A00604584 /* Frameworks */ = {
			isa = PBXFrameworksBuildPhase;
			buildActionMask = 2147483647;
			files = (
			);
			runOnlyForDeploymentPostprocessing = 0;
		};
		4E35D5172D9B563C00604584 /* Frameworks */ = {
			isa = PBXFrameworksBuildPhase;
			buildActionMask = 2147483647;
			files = (
			);
			runOnlyForDeploymentPostprocessing = 0;
		};
		4E35D5212D9B563C00604584 /* Frameworks */ = {
			isa = PBXFrameworksBuildPhase;
			buildActionMask = 2147483647;
			files = (
			);
			runOnlyForDeploymentPostprocessing = 0;
		};
/* End PBXFrameworksBuildPhase section */

/* Begin PBXGroup section */
		4E35D4F82D9B563A00604584 = {
			isa = PBXGroup;
			children = (
				4E35D5032D9B563A00604584 /* Overrun */,
				4E35D5022D9B563A00604584 /* Products */,
			);
			sourceTree = "<group>";
		};
		4E35D5022D9B563A00604584 /* Products */ = {
			isa = PBXGroup;
			children = (
				4E35D5012D9B563A00604584 /* Overrun.app */,
				4E35D51A2D9B563C00604584 /* OverrunTests.xctest */,
				4E35D5242D9B563C00604584 /* OverrunUITests.xctest */,
			);
			name = Products;
			sourceTree = "<group>";
		};
		4E35D5032D9B563A00604584 /* Overrun */ = {
			isa = PBXGroup;
			children = (
				4EF2C7CB2D9B5CA7000C499D /* resources */,
				4EF2C7C92D9B5CA1000C499D /* entities */,
				4EF2C7C72D9B5C9C000C499D /* control */,
				4EF2C7C52D9B5C96000C499D /* Base.lproj */,
				4EF2C7C32D9B5C60000C499D /* Assets.xcassets */,
				4E35D5042D9B563A00604584 /* AppDelegate.swift */,
				4E35D5062D9B563A00604584 /* GameScene.sks */,
				4E35D50A2D9B563A00604584 /* GameScene.swift */,
				4E35D50C2D9B563A00604584 /* GameViewController.swift */,
			);
			path = Overrun;
			sourceTree = "<group>";
		};
/* End PBXGroup section */

/* Begin PBXNativeTarget section */
		4E35D5002D9B563A00604584 /* Overrun */ = {
			isa = PBXNativeTarget;
			buildConfigurationList = 4E35D52E2D9B563C00604584 /* Build configuration list for PBXNativeTarget "Overrun" */;
			buildPhases = (
				4E35D4FD2D9B563A00604584 /* Sources */,
				4E35D4FE2D9B563A00604584 /* Frameworks */,
				4E35D4FF2D9B563A00604584 /* Resources */,
			);
			buildRules = (
			);
			dependencies = (
			);
			name = Overrun;
			productName = Overrun;
			productReference = 4E35D5012D9B563A00604584 /* Overrun.app */;
			productType = "com.apple.product-type.application";
		};
		4E35D5192D9B563C00604584 /* OverrunTests */ = {
			isa = PBXNativeTarget;
			buildConfigurationList = 4E35D5312D9B563C00604584 /* Build configuration list for PBXNativeTarget "OverrunTests" */;
			buildPhases = (
				4E35D5162D9B563C00604584 /* Sources */,
				4E35D5172D9B563C00604584 /* Frameworks */,
				4E35D5182D9B563C00604584 /* Resources */,
			);
			buildRules = (
			);
			dependencies = (
				4E35D51C2D9B563C00604584 /* PBXTargetDependency */,
			);
			name = OverrunTests;
			productName = OverrunTests;
			productReference = 4E35D51A2D9B563C00604584 /* OverrunTests.xctest */;
			productType = "com.apple.product-type.bundle.unit-test";
		};
		4E35D5232D9B563C00604584 /* OverrunUITests */ = {
			isa = PBXNativeTarget;
			buildConfigurationList = 4E35D5342D9B563C00604584 /* Build configuration list for PBXNativeTarget "OverrunUITests" */;
			buildPhases = (
				4E35D5202D9B563C00604584 /* Sources */,
				4E35D5212D9B563C00604584 /* Frameworks */,
				4E35D5222D9B563C00604584 /* Resources */,
			);
			buildRules = (
			);
			dependencies = (
				4E35D5262D9B563C00604584 /* PBXTargetDependency */,
			);
			name = OverrunUITests;
			productName = OverrunUITests;
			productReference = 4E35D5242D9B563C00604584 /* OverrunUITests.xctest */;
			productType = "com.apple.product-type.bundle.ui-testing";
		};
/* End PBXNativeTarget section */

/* Begin PBXProject section */
		4E35D4F92D9B563A00604584 /* Project object */ = {
			isa = PBXProject;
			attributes = {
				BuildIndependentTargetsInParallel = 1;
				LastSwiftUpdateCheck = 1420;
				LastUpgradeCheck = 1420;
				TargetAttributes = {
					4E35D5002D9B563A00604584 = {
						CreatedOnToolsVersion = 14.2;
					};
					4E35D5192D9B563C00604584 = {
						CreatedOnToolsVersion = 14.2;
						TestTargetID = 4E35D5002D9B563A00604584;
					};
					4E35D5232D9B563C00604584 = {
						CreatedOnToolsVersion = 14.2;
						TestTargetID = 4E35D5002D9B563A00604584;
					};
				};
			};
			buildConfigurationList = 4E35D4FC2D9B563A00604584 /* Build configuration list for PBXProject "Overrun" */;
			compatibilityVersion = "Xcode 14.0";
			developmentRegion = en;
			hasScannedForEncodings = 0;
			knownRegions = (
				en,
				Base,
			);
			mainGroup = 4E35D4F82D9B563A00604584;
			productRefGroup = 4E35D5022D9B563A00604584 /* Products */;
			projectDirPath = "";
			projectRoot = "";
			targets = (
				4E35D5002D9B563A00604584 /* Overrun */,
				4E35D5192D9B563C00604584 /* OverrunTests */,
				4E35D5232D9B563C00604584 /* OverrunUITests */,
			);
		};
/* End PBXProject section */

/* Begin PBXResourcesBuildPhase section */
		4E35D4FF2D9B563A00604584 /* Resources */ = {
			isa = PBXResourcesBuildPhase;
			buildActionMask = 2147483647;
			files = (
				4EF2C7CC2D9B5CA7000C499D /* resources in Resources */,
				4E35D5072D9B563A00604584 /* GameScene.sks in Resources */,
				4EF2C7C82D9B5C9C000C499D /* control in Resources */,
				4EF2C7C42D9B5C60000C499D /* Assets.xcassets in Resources */,
				4EF2C7CA2D9B5CA1000C499D /* entities in Resources */,
				4EF2C7C62D9B5C96000C499D /* Base.lproj in Resources */,
			);
			runOnlyForDeploymentPostprocessing = 0;
		};
		4E35D5182D9B563C00604584 /* Resources */ = {
			isa = PBXResourcesBuildPhase;
			buildActionMask = 2147483647;
			files = (
			);
			runOnlyForDeploymentPostprocessing = 0;
		};
		4E35D5222D9B563C00604584 /* Resources */ = {
			isa = PBXResourcesBuildPhase;
			buildActionMask = 2147483647;
			files = (
			);
			runOnlyForDeploymentPostprocessing = 0;
		};
/* End PBXResourcesBuildPhase section */

/* Begin PBXSourcesBuildPhase section */
		4E35D4FD2D9B563A00604584 /* Sources */ = {
			isa = PBXSourcesBuildPhase;
			buildActionMask = 2147483647;
			files = (
				4E35D50B2D9B563A00604584 /* GameScene.swift in Sources */,
				4E35D50D2D9B563A00604584 /* GameViewController.swift in Sources */,
				4E35D5052D9B563A00604584 /* AppDelegate.swift in Sources */,
			);
			runOnlyForDeploymentPostprocessing = 0;
		};
		4E35D5162D9B563C00604584 /* Sources */ = {
			isa = PBXSourcesBuildPhase;
			buildActionMask = 2147483647;
			files = (
			);
			runOnlyForDeploymentPostprocessing = 0;
		};
		4E35D5202D9B563C00604584 /* Sources */ = {
			isa = PBXSourcesBuildPhase;
			buildActionMask = 2147483647;
			files = (
			);
			runOnlyForDeploymentPostprocessing = 0;
		};
/* End PBXSourcesBuildPhase section */

/* Begin PBXTargetDependency section */
		4E35D51C2D9B563C00604584 /* PBXTargetDependency */ = {
			isa = PBXTargetDependency;
			target = 4E35D5002D9B563A00604584 /* Overrun */;
			targetProxy = 4E35D51B2D9B563C00604584 /* PBXContainerItemProxy */;
		};
		4E35D5262D9B563C00604584 /* PBXTargetDependency */ = {
			isa = PBXTargetDependency;
			target = 4E35D5002D9B563A00604584 /* Overrun */;
			targetProxy = 4E35D5252D9B563C00604584 /* PBXContainerItemProxy */;
		};
/* End PBXTargetDependency section */

/* Begin XCBuildConfiguration section */
		4E35D52C2D9B563C00604584 /* Debug */ = {
			isa = XCBuildConfiguration;
			buildSettings = {
				ALWAYS_SEARCH_USER_PATHS = NO;
				CLANG_ANALYZER_NONNULL = YES;
				CLANG_ANALYZER_NUMBER_OBJECT_CONVERSION = YES_AGGRESSIVE;
				CLANG_CXX_LANGUAGE_STANDARD = "gnu++20";
				CLANG_ENABLE_MODULES = YES;
				CLANG_ENABLE_OBJC_ARC = YES;
				CLANG_ENABLE_OBJC_WEAK = YES;
				CLANG_WARN_BLOCK_CAPTURE_AUTORELEASING = YES;
				CLANG_WARN_BOOL_CONVERSION = YES;
				CLANG_WARN_COMMA = YES;
				CLANG_WARN_CONSTANT_CONVERSION = YES;
				CLANG_WARN_DEPRECATED_OBJC_IMPLEMENTATIONS = YES;
				CLANG_WARN_DIRECT_OBJC_ISA_USAGE = YES_ERROR;
				CLANG_WARN_DOCUMENTATION_COMMENTS = YES;
				CLANG_WARN_EMPTY_BODY = YES;
				CLANG_WARN_ENUM_CONVERSION = YES;
				CLANG_WARN_INFINITE_RECURSION = YES;
				CLANG_WARN_INT_CONVERSION = YES;
				CLANG_WARN_NON_LITERAL_NULL_CONVERSION = YES;
				CLANG_WARN_OBJC_IMPLICIT_RETAIN_SELF = YES;
				CLANG_WARN_OBJC_LITERAL_CONVERSION = YES;
				CLANG_WARN_OBJC_ROOT_CLASS = YES_ERROR;
				CLANG_WARN_QUOTED_INCLUDE_IN_FRAMEWORK_HEADER = YES;
				CLANG_WARN_RANGE_LOOP_ANALYSIS = YES;
				CLANG_WARN_STRICT_PROTOTYPES = YES;
				CLANG_WARN_SUSPICIOUS_MOVE = YES;
				CLANG_WARN_UNGUARDED_AVAILABILITY = YES_AGGRESSIVE;
				CLANG_WARN_UNREACHABLE_CODE = YES;
				CLANG_WARN__DUPLICATE_METHOD_MATCH = YES;
				COPY_PHASE_STRIP = NO;
				DEBUG_INFORMATION_FORMAT = dwarf;
				ENABLE_STRICT_OBJC_MSGSEND = YES;
				ENABLE_TESTABILITY = YES;
				GCC_C_LANGUAGE_STANDARD = gnu11;
				GCC_DYNAMIC_NO_PIC = NO;
				GCC_NO_COMMON_BLOCKS = YES;
				GCC_OPTIMIZATION_LEVEL = 0;
				GCC_PREPROCESSOR_DEFINITIONS = (
					"DEBUG=1",
					"$(inherited)",
				);
				GCC_WARN_64_TO_32_BIT_CONVERSION = YES;
				GCC_WARN_ABOUT_RETURN_TYPE = YES_ERROR;
				GCC_WARN_UNDECLARED_SELECTOR = YES;
				GCC_WARN_UNINITIALIZED_AUTOS = YES_AGGRESSIVE;
				GCC_WARN_UNUSED_FUNCTION = YES;
				GCC_WARN_UNUSED_VARIABLE = YES;
				IPHONEOS_DEPLOYMENT_TARGET = 16.2;
				MTL_ENABLE_DEBUG_INFO = INCLUDE_SOURCE;
				MTL_FAST_MATH = YES;
				ONLY_ACTIVE_ARCH = YES;
				SDKROOT = iphoneos;
				SWIFT_ACTIVE_COMPILATION_CONDITIONS = DEBUG;
				SWIFT_OPTIMIZATION_LEVEL = "-Onone";
			};
			name = Debug;
		};
		4E35D52D2D9B563C00604584 /* Release */ = {
			isa = XCBuildConfiguration;
			buildSettings = {
				ALWAYS_SEARCH_USER_PATHS = NO;
				CLANG_ANALYZER_NONNULL = YES;
				CLANG_ANALYZER_NUMBER_OBJECT_CONVERSION = YES_AGGRESSIVE;
				CLANG_CXX_LANGUAGE_STANDARD = "gnu++20";
				CLANG_ENABLE_MODULES = YES;
				CLANG_ENABLE_OBJC_ARC = YES;
				CLANG_ENABLE_OBJC_WEAK = YES;
				CLANG_WARN_BLOCK_CAPTURE_AUTORELEASING = YES;
				CLANG_WARN_BOOL_CONVERSION = YES;
				CLANG_WARN_COMMA = YES;
				CLANG_WARN_CONSTANT_CONVERSION = YES;
				CLANG_WARN_DEPRECATED_OBJC_IMPLEMENTATIONS = YES;
				CLANG_WARN_DIRECT_OBJC_ISA_USAGE = YES_ERROR;
				CLANG_WARN_DOCUMENTATION_COMMENTS = YES;
				CLANG_WARN_EMPTY_BODY = YES;
				CLANG_WARN_ENUM_CONVERSION = YES;
				CLANG_WARN_INFINITE_RECURSION = YES;
				CLANG_WARN_INT_CONVERSION = YES;
				CLANG_WARN_NON_LITERAL_NULL_CONVERSION = YES;
				CLANG_WARN_OBJC_IMPLICIT_RETAIN_SELF = YES;
				CLANG_WARN_OBJC_LITERAL_CONVERSION = YES;
				CLANG_WARN_OBJC_ROOT_CLASS = YES_ERROR;
				CLANG_WARN_QUOTED_INCLUDE_IN_FRAMEWORK_HEADER = YES;
				CLANG_WARN_RANGE_LOOP_ANALYSIS = YES;
				CLANG_WARN_STRICT_PROTOTYPES = YES;
				CLANG_WARN_SUSPICIOUS_MOVE = YES;
				CLANG_WARN_UNGUARDED_AVAILABILITY = YES_AGGRESSIVE;
				CLANG_WARN_UNREACHABLE_CODE = YES;
				CLANG_WARN__DUPLICATE_METHOD_MATCH = YES;
				COPY_PHASE_STRIP = NO;
				DEBUG_INFORMATION_FORMAT = "dwarf-with-dsym";
				ENABLE_NS_ASSERTIONS = NO;
				ENABLE_STRICT_OBJC_MSGSEND = YES;
				GCC_C_LANGUAGE_STANDARD = gnu11;
				GCC_NO_COMMON_BLOCKS = YES;
				GCC_WARN_64_TO_32_BIT_CONVERSION = YES;
				GCC_WARN_ABOUT_RETURN_TYPE = YES_ERROR;
				GCC_WARN_UNDECLARED_SELECTOR = YES;
				GCC_WARN_UNINITIALIZED_AUTOS = YES_AGGRESSIVE;
				GCC_WARN_UNUSED_FUNCTION = YES;
				GCC_WARN_UNUSED_VARIABLE = YES;
				IPHONEOS_DEPLOYMENT_TARGET = 16.2;
				MTL_ENABLE_DEBUG_INFO = NO;
				MTL_FAST_MATH = YES;
				SDKROOT = iphoneos;
				SWIFT_COMPILATION_MODE = wholemodule;
				SWIFT_OPTIMIZATION_LEVEL = "-O";
				VALIDATE_PRODUCT = YES;
			};
			name = Release;
		};
		4E35D52F2D9B563C00604584 /* Debug */ = {
			isa = XCBuildConfiguration;
			buildSettings = {
				ASSETCATALOG_COMPILER_APPICON_NAME = AppIcon;
				ASSETCATALOG_COMPILER_GLOBAL_ACCENT_COLOR_NAME = AccentColor;
				CODE_SIGN_STYLE = Automatic;
				CURRENT_PROJECT_VERSION = 1;
				GENERATE_INFOPLIST_FILE = YES;
				INFOPLIST_KEY_UIApplicationSupportsIndirectInputEvents = YES;
				INFOPLIST_KEY_UILaunchStoryboardName = LaunchScreen;
				INFOPLIST_KEY_UIMainStoryboardFile = Main;
				INFOPLIST_KEY_UIStatusBarHidden = YES;
				INFOPLIST_KEY_UISupportedInterfaceOrientations_iPad = "UIInterfaceOrientationPortrait UIInterfaceOrientationPortraitUpsideDown UIInterfaceOrientationLandscapeLeft UIInterfaceOrientationLandscapeRight";
				INFOPLIST_KEY_UISupportedInterfaceOrientations_iPhone = "UIInterfaceOrientationPortrait UIInterfaceOrientationLandscapeLeft UIInterfaceOrientationLandscapeRight";
				LD_RUNPATH_SEARCH_PATHS = (
					"$(inherited)",
					"@executable_path/Frameworks",
				);
				MARKETING_VERSION = 1.0;
				PRODUCT_BUNDLE_IDENTIFIER = CSTP2305.Overrun;
				PRODUCT_NAME = "$(TARGET_NAME)";
				SWIFT_EMIT_LOC_STRINGS = YES;
				SWIFT_VERSION = 5.0;
				TARGETED_DEVICE_FAMILY = "1,2";
			};
			name = Debug;
		};
		4E35D5302D9B563C00604584 /* Release */ = {
			isa = XCBuildConfiguration;
			buildSettings = {
				ASSETCATALOG_COMPILER_APPICON_NAME = AppIcon;
				ASSETCATALOG_COMPILER_GLOBAL_ACCENT_COLOR_NAME = AccentColor;
				CODE_SIGN_STYLE = Automatic;
				CURRENT_PROJECT_VERSION = 1;
				GENERATE_INFOPLIST_FILE = YES;
				INFOPLIST_KEY_UIApplicationSupportsIndirectInputEvents = YES;
				INFOPLIST_KEY_UILaunchStoryboardName = LaunchScreen;
				INFOPLIST_KEY_UIMainStoryboardFile = Main;
				INFOPLIST_KEY_UIStatusBarHidden = YES;
				INFOPLIST_KEY_UISupportedInterfaceOrientations_iPad = "UIInterfaceOrientationPortrait UIInterfaceOrientationPortraitUpsideDown UIInterfaceOrientationLandscapeLeft UIInterfaceOrientationLandscapeRight";
				INFOPLIST_KEY_UISupportedInterfaceOrientations_iPhone = "UIInterfaceOrientationPortrait UIInterfaceOrientationLandscapeLeft UIInterfaceOrientationLandscapeRight";
				LD_RUNPATH_SEARCH_PATHS = (
					"$(inherited)",
					"@executable_path/Frameworks",
				);
				MARKETING_VERSION = 1.0;
				PRODUCT_BUNDLE_IDENTIFIER = CSTP2305.Overrun;
				PRODUCT_NAME = "$(TARGET_NAME)";
				SWIFT_EMIT_LOC_STRINGS = YES;
				SWIFT_VERSION = 5.0;
				TARGETED_DEVICE_FAMILY = "1,2";
			};
			name = Release;
		};
		4E35D5322D9B563C00604584 /* Debug */ = {
			isa = XCBuildConfiguration;
			buildSettings = {
				ALWAYS_EMBED_SWIFT_STANDARD_LIBRARIES = YES;
				BUNDLE_LOADER = "$(TEST_HOST)";
				CODE_SIGN_STYLE = Automatic;
				CURRENT_PROJECT_VERSION = 1;
				GENERATE_INFOPLIST_FILE = YES;
				IPHONEOS_DEPLOYMENT_TARGET = 16.2;
				MARKETING_VERSION = 1.0;
				PRODUCT_BUNDLE_IDENTIFIER = CSTP2305.OverrunTests;
				PRODUCT_NAME = "$(TARGET_NAME)";
				SWIFT_EMIT_LOC_STRINGS = NO;
				SWIFT_VERSION = 5.0;
				TARGETED_DEVICE_FAMILY = "1,2";
				TEST_HOST = "$(BUILT_PRODUCTS_DIR)/Overrun.app/$(BUNDLE_EXECUTABLE_FOLDER_PATH)/Overrun";
			};
			name = Debug;
		};
		4E35D5332D9B563C00604584 /* Release */ = {
			isa = XCBuildConfiguration;
			buildSettings = {
				ALWAYS_EMBED_SWIFT_STANDARD_LIBRARIES = YES;
				BUNDLE_LOADER = "$(TEST_HOST)";
				CODE_SIGN_STYLE = Automatic;
				CURRENT_PROJECT_VERSION = 1;
				GENERATE_INFOPLIST_FILE = YES;
				IPHONEOS_DEPLOYMENT_TARGET = 16.2;
				MARKETING_VERSION = 1.0;
				PRODUCT_BUNDLE_IDENTIFIER = CSTP2305.OverrunTests;
				PRODUCT_NAME = "$(TARGET_NAME)";
				SWIFT_EMIT_LOC_STRINGS = NO;
				SWIFT_VERSION = 5.0;
				TARGETED_DEVICE_FAMILY = "1,2";
				TEST_HOST = "$(BUILT_PRODUCTS_DIR)/Overrun.app/$(BUNDLE_EXECUTABLE_FOLDER_PATH)/Overrun";
			};
			name = Release;
		};
		4E35D5352D9B563C00604584 /* Debug */ = {
			isa = XCBuildConfiguration;
			buildSettings = {
				ALWAYS_EMBED_SWIFT_STANDARD_LIBRARIES = YES;
				CODE_SIGN_STYLE = Automatic;
				CURRENT_PROJECT_VERSION = 1;
				GENERATE_INFOPLIST_FILE = YES;
				MARKETING_VERSION = 1.0;
				PRODUCT_BUNDLE_IDENTIFIER = CSTP2305.OverrunUITests;
				PRODUCT_NAME = "$(TARGET_NAME)";
				SWIFT_EMIT_LOC_STRINGS = NO;
				SWIFT_VERSION = 5.0;
				TARGETED_DEVICE_FAMILY = "1,2";
				TEST_TARGET_NAME = Overrun;
			};
			name = Debug;
		};
		4E35D5362D9B563C00604584 /* Release */ = {
			isa = XCBuildConfiguration;
			buildSettings = {
				ALWAYS_EMBED_SWIFT_STANDARD_LIBRARIES = YES;
				CODE_SIGN_STYLE = Automatic;
				CURRENT_PROJECT_VERSION = 1;
				GENERATE_INFOPLIST_FILE = YES;
				MARKETING_VERSION = 1.0;
				PRODUCT_BUNDLE_IDENTIFIER = CSTP2305.OverrunUITests;
				PRODUCT_NAME = "$(TARGET_NAME)";
				SWIFT_EMIT_LOC_STRINGS = NO;
				SWIFT_VERSION = 5.0;
				TARGETED_DEVICE_FAMILY = "1,2";
				TEST_TARGET_NAME = Overrun;
			};
			name = Release;
		};
/* End XCBuildConfiguration section */

/* Begin XCConfigurationList section */
		4E35D4FC2D9B563A00604584 /* Build configuration list for PBXProject "Overrun" */ = {
			isa = XCConfigurationList;
			buildConfigurations = (
				4E35D52C2D9B563C00604584 /* Debug */,
				4E35D52D2D9B563C00604584 /* Release */,
			);
			defaultConfigurationIsVisible = 0;
			defaultConfigurationName = Release;
		};
		4E35D52E2D9B563C00604584 /* Build configuration list for PBXNativeTarget "Overrun" */ = {
			isa = XCConfigurationList;
			buildConfigurations = (
				4E35D52F2D9B563C00604584 /* Debug */,
				4E35D5302D9B563C00604584 /* Release */,
			);
			defaultConfigurationIsVisible = 0;
			defaultConfigurationName = Release;
		};
		4E35D5312D9B563C00604584 /* Build configuration list for PBXNativeTarget "OverrunTests" */ = {
			isa = XCConfigurationList;
			buildConfigurations = (
				4E35D5322D9B563C00604584 /* Debug */,
				4E35D5332D9B563C00604584 /* Release */,
			);
			defaultConfigurationIsVisible = 0;
			defaultConfigurationName = Release;
		};
		4E35D5342D9B563C00604584 /* Build configuration list for PBXNativeTarget "OverrunUITests" */ = {
			isa = XCConfigurationList;
			buildConfigurations = (
				4E35D5352D9B563C00604584 /* Debug */,
				4E35D5362D9B563C00604584 /* Release */,
			);
			defaultConfigurationIsVisible = 0;
			defaultConfigurationName = Release;
		};
/* End XCConfigurationList section */
	};
	rootObject = 4E35D4F92D9B563A00604584 /* Project object */;
}
